// !$*UTF8*$!
{
	archiveVersion = 1;
	classes = {
	};
	objectVersion = 56;
	objects = {

/* Begin PBXBuildFile section */
		0D0187392C0422420042BA46 /* AppDelegate.swift in Sources */ = {isa = PBXBuildFile; fileRef = 0D0187382C0422420042BA46 /* AppDelegate.swift */; };
		0D01873B2C0422420042BA46 /* SceneDelegate.swift in Sources */ = {isa = PBXBuildFile; fileRef = 0D01873A2C0422420042BA46 /* SceneDelegate.swift */; };
		0D01873D2C0422420042BA46 /* CharacterListViewController.swift in Sources */ = {isa = PBXBuildFile; fileRef = 0D01873C2C0422420042BA46 /* CharacterListViewController.swift */; };
		0D0187402C0422420042BA46 /* Base in Resources */ = {isa = PBXBuildFile; fileRef = 0D01873F2C0422420042BA46 /* Base */; };
		0D0187422C0422430042BA46 /* Assets.xcassets in Resources */ = {isa = PBXBuildFile; fileRef = 0D0187412C0422430042BA46 /* Assets.xcassets */; };
		0D0187502C04282E0042BA46 /* APIClient.swift in Sources */ = {isa = PBXBuildFile; fileRef = 0D01874F2C04282E0042BA46 /* APIClient.swift */; };
		0D0187522C0428980042BA46 /* README in Resources */ = {isa = PBXBuildFile; fileRef = 0D0187512C0428980042BA46 /* README */; };
		0D0187542C0580360042BA46 /* MarvelResponse.swift in Sources */ = {isa = PBXBuildFile; fileRef = 0D0187532C0580360042BA46 /* MarvelResponse.swift */; };
		0D0187562C05804B0042BA46 /* MarvelData.swift in Sources */ = {isa = PBXBuildFile; fileRef = 0D0187552C05804B0042BA46 /* MarvelData.swift */; };
		0D0187582C05805D0042BA46 /* CharacterModel.swift in Sources */ = {isa = PBXBuildFile; fileRef = 0D0187572C05805D0042BA46 /* CharacterModel.swift */; };
		0D01875A2C0580690042BA46 /* ImageModel.swift in Sources */ = {isa = PBXBuildFile; fileRef = 0D0187592C0580690042BA46 /* ImageModel.swift */; };
		0D01875C2C0D36FF0042BA46 /* CharacterListView.swift in Sources */ = {isa = PBXBuildFile; fileRef = 0D01875B2C0D36FF0042BA46 /* CharacterListView.swift */; };
		0D01875E2C0D3CF50042BA46 /* CharacterListCellView.swift in Sources */ = {isa = PBXBuildFile; fileRef = 0D01875D2C0D3CF50042BA46 /* CharacterListCellView.swift */; };
		0D0187602C0EAE590042BA46 /* CharacterListTableViewDataSource.swift in Sources */ = {isa = PBXBuildFile; fileRef = 0D01875F2C0EAE590042BA46 /* CharacterListTableViewDataSource.swift */; };
		0D0187632C1539770042BA46 /* Kingfisher in Frameworks */ = {isa = PBXBuildFile; productRef = 0D0187622C1539770042BA46 /* Kingfisher */; };
		0D0187652C153E420042BA46 /* CharacterListTableViewDelegate.swift in Sources */ = {isa = PBXBuildFile; fileRef = 0D0187642C153E420042BA46 /* CharacterListTableViewDelegate.swift */; };
		0D0187672C163BE90042BA46 /* Roboto-Bold.ttf in Resources */ = {isa = PBXBuildFile; fileRef = 0D0187662C163BE90042BA46 /* Roboto-Bold.ttf */; };
		0D01876E2C1644A90042BA46 /* CharacterDetailView.swift in Sources */ = {isa = PBXBuildFile; fileRef = 0D01876D2C1644A90042BA46 /* CharacterDetailView.swift */; };
		0D0187702C1647460042BA46 /* CharacterDetailViewController.swift in Sources */ = {isa = PBXBuildFile; fileRef = 0D01876F2C1647460042BA46 /* CharacterDetailViewController.swift */; };
		0D0187732C165C2B0042BA46 /* Coordinator.swift in Sources */ = {isa = PBXBuildFile; fileRef = 0D0187722C165C2B0042BA46 /* Coordinator.swift */; };
		0D0187752C165CB20042BA46 /* MainCoordinator.swift in Sources */ = {isa = PBXBuildFile; fileRef = 0D0187742C165CB20042BA46 /* MainCoordinator.swift */; };
		0D0187772C165E7E0042BA46 /* CharacterDetailPushCoordinator.swift in Sources */ = {isa = PBXBuildFile; fileRef = 0D0187762C165E7E0042BA46 /* CharacterDetailPushCoordinator.swift */; };
		0D0187792C1689740042BA46 /* LaunchMarvel.storyboard in Resources */ = {isa = PBXBuildFile; fileRef = 0D0187782C1689740042BA46 /* LaunchMarvel.storyboard */; };
/* End PBXBuildFile section */

/* Begin PBXFileReference section */
		0D0187352C0422420042BA46 /* MarvelAppMVC.app */ = {isa = PBXFileReference; explicitFileType = wrapper.application; includeInIndex = 0; path = MarvelAppMVC.app; sourceTree = BUILT_PRODUCTS_DIR; };
		0D0187382C0422420042BA46 /* AppDelegate.swift */ = {isa = PBXFileReference; lastKnownFileType = sourcecode.swift; path = AppDelegate.swift; sourceTree = "<group>"; };
		0D01873A2C0422420042BA46 /* SceneDelegate.swift */ = {isa = PBXFileReference; lastKnownFileType = sourcecode.swift; path = SceneDelegate.swift; sourceTree = "<group>"; };
		0D01873C2C0422420042BA46 /* CharacterListViewController.swift */ = {isa = PBXFileReference; lastKnownFileType = sourcecode.swift; path = CharacterListViewController.swift; sourceTree = "<group>"; };
		0D01873F2C0422420042BA46 /* Base */ = {isa = PBXFileReference; lastKnownFileType = file.storyboard; name = Base; path = Base.lproj/Main.storyboard; sourceTree = "<group>"; };
		0D0187412C0422430042BA46 /* Assets.xcassets */ = {isa = PBXFileReference; lastKnownFileType = folder.assetcatalog; path = Assets.xcassets; sourceTree = "<group>"; };
		0D0187462C0422430042BA46 /* Info.plist */ = {isa = PBXFileReference; lastKnownFileType = text.plist.xml; path = Info.plist; sourceTree = "<group>"; };
		0D01874F2C04282E0042BA46 /* APIClient.swift */ = {isa = PBXFileReference; lastKnownFileType = sourcecode.swift; path = APIClient.swift; sourceTree = "<group>"; };
		0D0187512C0428980042BA46 /* README */ = {isa = PBXFileReference; lastKnownFileType = text; path = README; sourceTree = "<group>"; };
		0D0187532C0580360042BA46 /* MarvelResponse.swift */ = {isa = PBXFileReference; lastKnownFileType = sourcecode.swift; path = MarvelResponse.swift; sourceTree = "<group>"; };
		0D0187552C05804B0042BA46 /* MarvelData.swift */ = {isa = PBXFileReference; lastKnownFileType = sourcecode.swift; path = MarvelData.swift; sourceTree = "<group>"; };
		0D0187572C05805D0042BA46 /* CharacterModel.swift */ = {isa = PBXFileReference; lastKnownFileType = sourcecode.swift; path = CharacterModel.swift; sourceTree = "<group>"; };
		0D0187592C0580690042BA46 /* ImageModel.swift */ = {isa = PBXFileReference; lastKnownFileType = sourcecode.swift; path = ImageModel.swift; sourceTree = "<group>"; };
		0D01875B2C0D36FF0042BA46 /* CharacterListView.swift */ = {isa = PBXFileReference; lastKnownFileType = sourcecode.swift; path = CharacterListView.swift; sourceTree = "<group>"; };
		0D01875D2C0D3CF50042BA46 /* CharacterListCellView.swift */ = {isa = PBXFileReference; lastKnownFileType = sourcecode.swift; path = CharacterListCellView.swift; sourceTree = "<group>"; };
		0D01875F2C0EAE590042BA46 /* CharacterListTableViewDataSource.swift */ = {isa = PBXFileReference; lastKnownFileType = sourcecode.swift; path = CharacterListTableViewDataSource.swift; sourceTree = "<group>"; };
		0D0187642C153E420042BA46 /* CharacterListTableViewDelegate.swift */ = {isa = PBXFileReference; lastKnownFileType = sourcecode.swift; path = CharacterListTableViewDelegate.swift; sourceTree = "<group>"; };
		0D0187662C163BE90042BA46 /* Roboto-Bold.ttf */ = {isa = PBXFileReference; lastKnownFileType = file; name = "Roboto-Bold.ttf"; path = "../../../Downloads/Roboto-Bold.ttf"; sourceTree = "<group>"; };
		0D01876D2C1644A90042BA46 /* CharacterDetailView.swift */ = {isa = PBXFileReference; lastKnownFileType = sourcecode.swift; path = CharacterDetailView.swift; sourceTree = "<group>"; };
		0D01876F2C1647460042BA46 /* CharacterDetailViewController.swift */ = {isa = PBXFileReference; lastKnownFileType = sourcecode.swift; path = CharacterDetailViewController.swift; sourceTree = "<group>"; };
		0D0187722C165C2B0042BA46 /* Coordinator.swift */ = {isa = PBXFileReference; lastKnownFileType = sourcecode.swift; path = Coordinator.swift; sourceTree = "<group>"; };
		0D0187742C165CB20042BA46 /* MainCoordinator.swift */ = {isa = PBXFileReference; lastKnownFileType = sourcecode.swift; path = MainCoordinator.swift; sourceTree = "<group>"; };
		0D0187762C165E7E0042BA46 /* CharacterDetailPushCoordinator.swift */ = {isa = PBXFileReference; lastKnownFileType = sourcecode.swift; path = CharacterDetailPushCoordinator.swift; sourceTree = "<group>"; };
		0D0187782C1689740042BA46 /* LaunchMarvel.storyboard */ = {isa = PBXFileReference; lastKnownFileType = file.storyboard; path = LaunchMarvel.storyboard; sourceTree = "<group>"; };
/* End PBXFileReference section */

/* Begin PBXFrameworksBuildPhase section */
		0D0187322C0422420042BA46 /* Frameworks */ = {
			isa = PBXFrameworksBuildPhase;
			buildActionMask = 2147483647;
			files = (
				0D0187632C1539770042BA46 /* Kingfisher in Frameworks */,
			);
			runOnlyForDeploymentPostprocessing = 0;
		};
/* End PBXFrameworksBuildPhase section */

/* Begin PBXGroup section */
		0D01872C2C0422420042BA46 = {
			isa = PBXGroup;
			children = (
				0D0187372C0422420042BA46 /* MarvelAppMVC */,
				0D0187662C163BE90042BA46 /* Roboto-Bold.ttf */,
				0D0187362C0422420042BA46 /* Products */,
			);
			sourceTree = "<group>";
		};
		0D0187362C0422420042BA46 /* Products */ = {
			isa = PBXGroup;
			children = (
				0D0187352C0422420042BA46 /* MarvelAppMVC.app */,
			);
			name = Products;
			sourceTree = "<group>";
		};
		0D0187372C0422420042BA46 /* MarvelAppMVC */ = {
			isa = PBXGroup;
			children = (
				0D0187712C165C080042BA46 /* Coordinators */,
				0D0187692C1644230042BA46 /* DetailCharacters */,
				0D0187682C1642000042BA46 /* ListCharacters */,
				0D01873A2C0422420042BA46 /* SceneDelegate.swift */,
				0D0187382C0422420042BA46 /* AppDelegate.swift */,
				0D0187412C0422430042BA46 /* Assets.xcassets */,
				0D0187462C0422430042BA46 /* Info.plist */,
				0D0187512C0428980042BA46 /* README */,
				0D0187782C1689740042BA46 /* LaunchMarvel.storyboard */,
			);
			path = MarvelAppMVC;
			sourceTree = "<group>";
		};
		0D01874C2C0427D70042BA46 /* Model */ = {
			isa = PBXGroup;
			children = (
				0D01874F2C04282E0042BA46 /* APIClient.swift */,
				0D0187532C0580360042BA46 /* MarvelResponse.swift */,
				0D0187552C05804B0042BA46 /* MarvelData.swift */,
				0D0187572C05805D0042BA46 /* CharacterModel.swift */,
				0D0187592C0580690042BA46 /* ImageModel.swift */,
			);
			path = Model;
			sourceTree = "<group>";
		};
		0D01874D2C0427E30042BA46 /* View */ = {
			isa = PBXGroup;
			children = (
				0D01873E2C0422420042BA46 /* Main.storyboard */,
				0D01875B2C0D36FF0042BA46 /* CharacterListView.swift */,
				0D01875D2C0D3CF50042BA46 /* CharacterListCellView.swift */,
			);
			path = View;
			sourceTree = "<group>";
		};
		0D01874E2C0427ED0042BA46 /* Controller */ = {
			isa = PBXGroup;
			children = (
				0D01873C2C0422420042BA46 /* CharacterListViewController.swift */,
				0D01875F2C0EAE590042BA46 /* CharacterListTableViewDataSource.swift */,
				0D0187642C153E420042BA46 /* CharacterListTableViewDelegate.swift */,
			);
			path = Controller;
			sourceTree = "<group>";
		};
		0D0187682C1642000042BA46 /* ListCharacters */ = {
			isa = PBXGroup;
			children = (
				0D01874C2C0427D70042BA46 /* Model */,
				0D01874D2C0427E30042BA46 /* View */,
				0D01874E2C0427ED0042BA46 /* Controller */,
			);
			path = ListCharacters;
			sourceTree = "<group>";
		};
		0D0187692C1644230042BA46 /* DetailCharacters */ = {
			isa = PBXGroup;
			children = (
				0D01876C2C1644490042BA46 /* Model */,
				0D01876B2C16443A0042BA46 /* View */,
				0D01876A2C1644340042BA46 /* Controller */,
			);
			path = DetailCharacters;
			sourceTree = "<group>";
		};
		0D01876A2C1644340042BA46 /* Controller */ = {
			isa = PBXGroup;
			children = (
				0D01876F2C1647460042BA46 /* CharacterDetailViewController.swift */,
			);
			path = Controller;
			sourceTree = "<group>";
		};
		0D01876B2C16443A0042BA46 /* View */ = {
			isa = PBXGroup;
			children = (
				0D01876D2C1644A90042BA46 /* CharacterDetailView.swift */,
			);
			path = View;
			sourceTree = "<group>";
		};
		0D01876C2C1644490042BA46 /* Model */ = {
			isa = PBXGroup;
			children = (
			);
			path = Model;
			sourceTree = "<group>";
		};
		0D0187712C165C080042BA46 /* Coordinators */ = {
			isa = PBXGroup;
			children = (
				0D0187722C165C2B0042BA46 /* Coordinator.swift */,
				0D0187742C165CB20042BA46 /* MainCoordinator.swift */,
				0D0187762C165E7E0042BA46 /* CharacterDetailPushCoordinator.swift */,
			);
			path = Coordinators;
			sourceTree = "<group>";
		};
/* End PBXGroup section */

/* Begin PBXNativeTarget section */
		0D0187342C0422420042BA46 /* MarvelAppMVC */ = {
			isa = PBXNativeTarget;
			buildConfigurationList = 0D0187492C0422430042BA46 /* Build configuration list for PBXNativeTarget "MarvelAppMVC" */;
			buildPhases = (
				0D0187312C0422420042BA46 /* Sources */,
				0D0187322C0422420042BA46 /* Frameworks */,
				0D0187332C0422420042BA46 /* Resources */,
			);
			buildRules = (
			);
			dependencies = (
			);
			name = MarvelAppMVC;
			packageProductDependencies = (
				0D0187622C1539770042BA46 /* Kingfisher */,
			);
			productName = MarvelAppMVC;
			productReference = 0D0187352C0422420042BA46 /* MarvelAppMVC.app */;
			productType = "com.apple.product-type.application";
		};
/* End PBXNativeTarget section */

/* Begin PBXProject section */
		0D01872D2C0422420042BA46 /* Project object */ = {
			isa = PBXProject;
			attributes = {
				BuildIndependentTargetsInParallel = 1;
				LastSwiftUpdateCheck = 1540;
				LastUpgradeCheck = 1540;
				TargetAttributes = {
					0D0187342C0422420042BA46 = {
						CreatedOnToolsVersion = 15.4;
					};
				};
			};
			buildConfigurationList = 0D0187302C0422420042BA46 /* Build configuration list for PBXProject "MarvelAppMVC" */;
			compatibilityVersion = "Xcode 14.0";
			developmentRegion = en;
			hasScannedForEncodings = 0;
			knownRegions = (
				en,
				Base,
			);
			mainGroup = 0D01872C2C0422420042BA46;
			packageReferences = (
				0D0187612C1539770042BA46 /* XCRemoteSwiftPackageReference "Kingfisher" */,
			);
			productRefGroup = 0D0187362C0422420042BA46 /* Products */;
			projectDirPath = "";
			projectRoot = "";
			targets = (
				0D0187342C0422420042BA46 /* MarvelAppMVC */,
			);
		};
/* End PBXProject section */

/* Begin PBXResourcesBuildPhase section */
		0D0187332C0422420042BA46 /* Resources */ = {
			isa = PBXResourcesBuildPhase;
			buildActionMask = 2147483647;
			files = (
				0D0187522C0428980042BA46 /* README in Resources */,
				0D0187422C0422430042BA46 /* Assets.xcassets in Resources */,
				0D0187672C163BE90042BA46 /* Roboto-Bold.ttf in Resources */,
				0D0187792C1689740042BA46 /* LaunchMarvel.storyboard in Resources */,
				0D0187402C0422420042BA46 /* Base in Resources */,
			);
			runOnlyForDeploymentPostprocessing = 0;
		};
/* End PBXResourcesBuildPhase section */

/* Begin PBXSourcesBuildPhase section */
		0D0187312C0422420042BA46 /* Sources */ = {
			isa = PBXSourcesBuildPhase;
			buildActionMask = 2147483647;
			files = (
				0D01875E2C0D3CF50042BA46 /* CharacterListCellView.swift in Sources */,
				0D01873D2C0422420042BA46 /* CharacterListViewController.swift in Sources */,
				0D0187732C165C2B0042BA46 /* Coordinator.swift in Sources */,
				0D0187652C153E420042BA46 /* CharacterListTableViewDelegate.swift in Sources */,
				0D01876E2C1644A90042BA46 /* CharacterDetailView.swift in Sources */,
				0D0187392C0422420042BA46 /* AppDelegate.swift in Sources */,
				0D01873B2C0422420042BA46 /* SceneDelegate.swift in Sources */,
				0D01875C2C0D36FF0042BA46 /* CharacterListView.swift in Sources */,
				0D0187542C0580360042BA46 /* MarvelResponse.swift in Sources */,
				0D0187752C165CB20042BA46 /* MainCoordinator.swift in Sources */,
				0D0187602C0EAE590042BA46 /* CharacterListTableViewDataSource.swift in Sources */,
				0D0187562C05804B0042BA46 /* MarvelData.swift in Sources */,
				0D0187582C05805D0042BA46 /* CharacterModel.swift in Sources */,
				0D0187702C1647460042BA46 /* CharacterDetailViewController.swift in Sources */,
				0D0187502C04282E0042BA46 /* APIClient.swift in Sources */,
				0D01875A2C0580690042BA46 /* ImageModel.swift in Sources */,
				0D0187772C165E7E0042BA46 /* CharacterDetailPushCoordinator.swift in Sources */,
			);
			runOnlyForDeploymentPostprocessing = 0;
		};
/* End PBXSourcesBuildPhase section */

/* Begin PBXVariantGroup section */
		0D01873E2C0422420042BA46 /* Main.storyboard */ = {
			isa = PBXVariantGroup;
			children = (
				0D01873F2C0422420042BA46 /* Base */,
			);
			name = Main.storyboard;
			sourceTree = "<group>";
		};
/* End PBXVariantGroup section */

/* Begin XCBuildConfiguration section */
		0D0187472C0422430042BA46 /* Debug */ = {
			isa = XCBuildConfiguration;
			buildSettings = {
				ALWAYS_SEARCH_USER_PATHS = NO;
				ASSETCATALOG_COMPILER_GENERATE_SWIFT_ASSET_SYMBOL_EXTENSIONS = YES;
				CLANG_ANALYZER_NONNULL = YES;
				CLANG_ANALYZER_NUMBER_OBJECT_CONVERSION = YES_AGGRESSIVE;
				CLANG_CXX_LANGUAGE_STANDARD = "gnu++20";
				CLANG_ENABLE_MODULES = YES;
				CLANG_ENABLE_OBJC_ARC = YES;
				CLANG_ENABLE_OBJC_WEAK = YES;
				CLANG_WARN_BLOCK_CAPTURE_AUTORELEASING = YES;
				CLANG_WARN_BOOL_CONVERSION = YES;
				CLANG_WARN_COMMA = YES;
				CLANG_WARN_CONSTANT_CONVERSION = YES;
				CLANG_WARN_DEPRECATED_OBJC_IMPLEMENTATIONS = YES;
				CLANG_WARN_DIRECT_OBJC_ISA_USAGE = YES_ERROR;
				CLANG_WARN_DOCUMENTATION_COMMENTS = YES;
				CLANG_WARN_EMPTY_BODY = YES;
				CLANG_WARN_ENUM_CONVERSION = YES;
				CLANG_WARN_INFINITE_RECURSION = YES;
				CLANG_WARN_INT_CONVERSION = YES;
				CLANG_WARN_NON_LITERAL_NULL_CONVERSION = YES;
				CLANG_WARN_OBJC_IMPLICIT_RETAIN_SELF = YES;
				CLANG_WARN_OBJC_LITERAL_CONVERSION = YES;
				CLANG_WARN_OBJC_ROOT_CLASS = YES_ERROR;
				CLANG_WARN_QUOTED_INCLUDE_IN_FRAMEWORK_HEADER = YES;
				CLANG_WARN_RANGE_LOOP_ANALYSIS = YES;
				CLANG_WARN_STRICT_PROTOTYPES = YES;
				CLANG_WARN_SUSPICIOUS_MOVE = YES;
				CLANG_WARN_UNGUARDED_AVAILABILITY = YES_AGGRESSIVE;
				CLANG_WARN_UNREACHABLE_CODE = YES;
				CLANG_WARN__DUPLICATE_METHOD_MATCH = YES;
				COPY_PHASE_STRIP = NO;
				DEBUG_INFORMATION_FORMAT = dwarf;
				ENABLE_STRICT_OBJC_MSGSEND = YES;
				ENABLE_TESTABILITY = YES;
				ENABLE_USER_SCRIPT_SANDBOXING = YES;
				GCC_C_LANGUAGE_STANDARD = gnu17;
				GCC_DYNAMIC_NO_PIC = NO;
				GCC_NO_COMMON_BLOCKS = YES;
				GCC_OPTIMIZATION_LEVEL = 0;
				GCC_PREPROCESSOR_DEFINITIONS = (
					"DEBUG=1",
					"$(inherited)",
				);
				GCC_WARN_64_TO_32_BIT_CONVERSION = YES;
				GCC_WARN_ABOUT_RETURN_TYPE = YES_ERROR;
				GCC_WARN_UNDECLARED_SELECTOR = YES;
				GCC_WARN_UNINITIALIZED_AUTOS = YES_AGGRESSIVE;
				GCC_WARN_UNUSED_FUNCTION = YES;
				GCC_WARN_UNUSED_VARIABLE = YES;
				IPHONEOS_DEPLOYMENT_TARGET = 17.5;
				LOCALIZATION_PREFERS_STRING_CATALOGS = YES;
				MTL_ENABLE_DEBUG_INFO = INCLUDE_SOURCE;
				MTL_FAST_MATH = YES;
				ONLY_ACTIVE_ARCH = YES;
				SDKROOT = iphoneos;
				SWIFT_ACTIVE_COMPILATION_CONDITIONS = "DEBUG $(inherited)";
				SWIFT_OPTIMIZATION_LEVEL = "-Onone";
			};
			name = Debug;
		};
		0D0187482C0422430042BA46 /* Release */ = {
			isa = XCBuildConfiguration;
			buildSettings = {
				ALWAYS_SEARCH_USER_PATHS = NO;
				ASSETCATALOG_COMPILER_GENERATE_SWIFT_ASSET_SYMBOL_EXTENSIONS = YES;
				CLANG_ANALYZER_NONNULL = YES;
				CLANG_ANALYZER_NUMBER_OBJECT_CONVERSION = YES_AGGRESSIVE;
				CLANG_CXX_LANGUAGE_STANDARD = "gnu++20";
				CLANG_ENABLE_MODULES = YES;
				CLANG_ENABLE_OBJC_ARC = YES;
				CLANG_ENABLE_OBJC_WEAK = YES;
				CLANG_WARN_BLOCK_CAPTURE_AUTORELEASING = YES;
				CLANG_WARN_BOOL_CONVERSION = YES;
				CLANG_WARN_COMMA = YES;
				CLANG_WARN_CONSTANT_CONVERSION = YES;
				CLANG_WARN_DEPRECATED_OBJC_IMPLEMENTATIONS = YES;
				CLANG_WARN_DIRECT_OBJC_ISA_USAGE = YES_ERROR;
				CLANG_WARN_DOCUMENTATION_COMMENTS = YES;
				CLANG_WARN_EMPTY_BODY = YES;
				CLANG_WARN_ENUM_CONVERSION = YES;
				CLANG_WARN_INFINITE_RECURSION = YES;
				CLANG_WARN_INT_CONVERSION = YES;
				CLANG_WARN_NON_LITERAL_NULL_CONVERSION = YES;
				CLANG_WARN_OBJC_IMPLICIT_RETAIN_SELF = YES;
				CLANG_WARN_OBJC_LITERAL_CONVERSION = YES;
				CLANG_WARN_OBJC_ROOT_CLASS = YES_ERROR;
				CLANG_WARN_QUOTED_INCLUDE_IN_FRAMEWORK_HEADER = YES;
				CLANG_WARN_RANGE_LOOP_ANALYSIS = YES;
				CLANG_WARN_STRICT_PROTOTYPES = YES;
				CLANG_WARN_SUSPICIOUS_MOVE = YES;
				CLANG_WARN_UNGUARDED_AVAILABILITY = YES_AGGRESSIVE;
				CLANG_WARN_UNREACHABLE_CODE = YES;
				CLANG_WARN__DUPLICATE_METHOD_MATCH = YES;
				COPY_PHASE_STRIP = NO;
				DEBUG_INFORMATION_FORMAT = "dwarf-with-dsym";
				ENABLE_NS_ASSERTIONS = NO;
				ENABLE_STRICT_OBJC_MSGSEND = YES;
				ENABLE_USER_SCRIPT_SANDBOXING = YES;
				GCC_C_LANGUAGE_STANDARD = gnu17;
				GCC_NO_COMMON_BLOCKS = YES;
				GCC_WARN_64_TO_32_BIT_CONVERSION = YES;
				GCC_WARN_ABOUT_RETURN_TYPE = YES_ERROR;
				GCC_WARN_UNDECLARED_SELECTOR = YES;
				GCC_WARN_UNINITIALIZED_AUTOS = YES_AGGRESSIVE;
				GCC_WARN_UNUSED_FUNCTION = YES;
				GCC_WARN_UNUSED_VARIABLE = YES;
				IPHONEOS_DEPLOYMENT_TARGET = 17.5;
				LOCALIZATION_PREFERS_STRING_CATALOGS = YES;
				MTL_ENABLE_DEBUG_INFO = NO;
				MTL_FAST_MATH = YES;
				SDKROOT = iphoneos;
				SWIFT_COMPILATION_MODE = wholemodule;
				VALIDATE_PRODUCT = YES;
			};
			name = Release;
		};
		0D01874A2C0422430042BA46 /* Debug */ = {
			isa = XCBuildConfiguration;
			buildSettings = {
				ASSETCATALOG_COMPILER_APPICON_NAME = AppIcon;
				ASSETCATALOG_COMPILER_GLOBAL_ACCENT_COLOR_NAME = AccentColor;
				CODE_SIGN_STYLE = Automatic;
				CURRENT_PROJECT_VERSION = 1;
				DEVELOPMENT_TEAM = 5Y3V653687;
				GENERATE_INFOPLIST_FILE = YES;
				INFOPLIST_FILE = MarvelAppMVC/Info.plist;
				INFOPLIST_KEY_UIApplicationSupportsIndirectInputEvents = YES;
				INFOPLIST_KEY_UILaunchStoryboardName = LaunchMarvel.storyboard;
				INFOPLIST_KEY_UIMainStoryboardFile = Main;
				INFOPLIST_KEY_UISupportedInterfaceOrientations_iPad = "UIInterfaceOrientationPortrait UIInterfaceOrientationPortraitUpsideDown UIInterfaceOrientationLandscapeLeft UIInterfaceOrientationLandscapeRight";
				INFOPLIST_KEY_UISupportedInterfaceOrientations_iPhone = "UIInterfaceOrientationPortrait UIInterfaceOrientationLandscapeLeft UIInterfaceOrientationLandscapeRight";
				LD_RUNPATH_SEARCH_PATHS = (
					"$(inherited)",
					"@executable_path/Frameworks",
				);
				MARKETING_VERSION = 1.0;
				PRODUCT_BUNDLE_IDENTIFIER = com.lucasquiroga.MarvelAppMVC;
				PRODUCT_NAME = "$(TARGET_NAME)";
				SWIFT_EMIT_LOC_STRINGS = YES;
				SWIFT_VERSION = 5.0;
				TARGETED_DEVICE_FAMILY = "1,2";
			};
			name = Debug;
		};
		0D01874B2C0422430042BA46 /* Release */ = {
			isa = XCBuildConfiguration;
			buildSettings = {
				ASSETCATALOG_COMPILER_APPICON_NAME = AppIcon;
				ASSETCATALOG_COMPILER_GLOBAL_ACCENT_COLOR_NAME = AccentColor;
				CODE_SIGN_STYLE = Automatic;
				CURRENT_PROJECT_VERSION = 1;
				DEVELOPMENT_TEAM = 5Y3V653687;
				GENERATE_INFOPLIST_FILE = YES;
				INFOPLIST_FILE = MarvelAppMVC/Info.plist;
				INFOPLIST_KEY_UIApplicationSupportsIndirectInputEvents = YES;
				INFOPLIST_KEY_UILaunchStoryboardName = LaunchMarvel.storyboard;
				INFOPLIST_KEY_UIMainStoryboardFile = Main;
				INFOPLIST_KEY_UISupportedInterfaceOrientations_iPad = "UIInterfaceOrientationPortrait UIInterfaceOrientationPortraitUpsideDown UIInterfaceOrientationLandscapeLeft UIInterfaceOrientationLandscapeRight";
				INFOPLIST_KEY_UISupportedInterfaceOrientations_iPhone = "UIInterfaceOrientationPortrait UIInterfaceOrientationLandscapeLeft UIInterfaceOrientationLandscapeRight";
				LD_RUNPATH_SEARCH_PATHS = (
					"$(inherited)",
					"@executable_path/Frameworks",
				);
				MARKETING_VERSION = 1.0;
				PRODUCT_BUNDLE_IDENTIFIER = com.lucasquiroga.MarvelAppMVC;
				PRODUCT_NAME = "$(TARGET_NAME)";
				SWIFT_EMIT_LOC_STRINGS = YES;
				SWIFT_VERSION = 5.0;
				TARGETED_DEVICE_FAMILY = "1,2";
			};
			name = Release;
		};
/* End XCBuildConfiguration section */

/* Begin XCConfigurationList section */
		0D0187302C0422420042BA46 /* Build configuration list for PBXProject "MarvelAppMVC" */ = {
			isa = XCConfigurationList;
			buildConfigurations = (
				0D0187472C0422430042BA46 /* Debug */,
				0D0187482C0422430042BA46 /* Release */,
			);
			defaultConfigurationIsVisible = 0;
			defaultConfigurationName = Release;
		};
		0D0187492C0422430042BA46 /* Build configuration list for PBXNativeTarget "MarvelAppMVC" */ = {
			isa = XCConfigurationList;
			buildConfigurations = (
				0D01874A2C0422430042BA46 /* Debug */,
				0D01874B2C0422430042BA46 /* Release */,
			);
			defaultConfigurationIsVisible = 0;
			defaultConfigurationName = Release;
		};
/* End XCConfigurationList section */

/* Begin XCRemoteSwiftPackageReference section */
		0D0187612C1539770042BA46 /* XCRemoteSwiftPackageReference "Kingfisher" */ = {
			isa = XCRemoteSwiftPackageReference;
			repositoryURL = "https://github.com/onevcat/Kingfisher.git";
			requirement = {
				kind = upToNextMajorVersion;
				minimumVersion = 7.11.0;
			};
		};
/* End XCRemoteSwiftPackageReference section */

/* Begin XCSwiftPackageProductDependency section */
		0D0187622C1539770042BA46 /* Kingfisher */ = {
			isa = XCSwiftPackageProductDependency;
			package = 0D0187612C1539770042BA46 /* XCRemoteSwiftPackageReference "Kingfisher" */;
			productName = Kingfisher;
		};
/* End XCSwiftPackageProductDependency section */
	};
	rootObject = 0D01872D2C0422420042BA46 /* Project object */;
}
